// !$*UTF8*$!
{
	archiveVersion = 1;
	classes = {
	};
	objectVersion = 55;
	objects = {

/* Begin PBXBuildFile section */
		0D9DA3F9280C220E0069967B /* libLIEF.a in Frameworks */ = {isa = PBXBuildFile; fileRef = 0D9DA3F8280C220E0069967B /* libLIEF.a */; };
		18A0B3F928018A4A0041003C /* main.mm in Sources */ = {isa = PBXBuildFile; fileRef = 18A0B3F828018A4A0041003C /* main.mm */; };
/* End PBXBuildFile section */

/* Begin PBXCopyFilesBuildPhase section */
		18A0B3F328018A4A0041003C /* CopyFiles */ = {
			isa = PBXCopyFilesBuildPhase;
			buildActionMask = 2147483647;
			dstPath = /usr/share/man/man1/;
			dstSubfolderSpec = 0;
			files = (
			);
			runOnlyForDeploymentPostprocessing = 1;
		};
/* End PBXCopyFilesBuildPhase section */

/* Begin PBXFileReference section */
		0D9DA3F8280C220E0069967B /* libLIEF.a */ = {isa = PBXFileReference; lastKnownFileType = archive.ar; name = libLIEF.a; path = LIEF/lib/libLIEF.a; sourceTree = "<group>"; };
		18A0B3F528018A4A0041003C /* MachOParser */ = {isa = PBXFileReference; explicitFileType = "compiled.mach-o.executable"; includeInIndex = 0; path = MachOParser; sourceTree = BUILT_PRODUCTS_DIR; };
		18A0B3F828018A4A0041003C /* main.mm */ = {isa = PBXFileReference; lastKnownFileType = sourcecode.cpp.objcpp; path = main.mm; sourceTree = "<group>"; };
		18DDA04A2801DC8B005F888B /* libLIEF.a */ = {isa = PBXFileReference; lastKnownFileType = archive.ar; name = libLIEF.a; path = "../LIEF-0.12.1-Darwin-x86_64/lib/libLIEF.a"; sourceTree = "<group>"; };
		18DDA04D2801DCED005F888B /* include */ = {isa = PBXFileReference; lastKnownFileType = folder; path = include; sourceTree = "<group>"; };
		18DDA04E2801DD14005F888B /* lib */ = {isa = PBXFileReference; lastKnownFileType = folder; path = lib; sourceTree = "<group>"; };
		18DDA04F28070F9F005F888B /* ObjCDefine.h */ = {isa = PBXFileReference; lastKnownFileType = sourcecode.c.h; path = ObjCDefine.h; sourceTree = "<group>"; };
/* End PBXFileReference section */

/* Begin PBXFrameworksBuildPhase section */
		18A0B3F228018A4A0041003C /* Frameworks */ = {
			isa = PBXFrameworksBuildPhase;
			buildActionMask = 2147483647;
			files = (
				0D9DA3F9280C220E0069967B /* libLIEF.a in Frameworks */,
			);
			runOnlyForDeploymentPostprocessing = 0;
		};
/* End PBXFrameworksBuildPhase section */

/* Begin PBXGroup section */
		18A0B3EC28018A4A0041003C = {
			isa = PBXGroup;
			children = (
				18DDA04C2801DCAB005F888B /* LIEF */,
				18A0B3F728018A4A0041003C /* MachOParser */,
				18A0B3F628018A4A0041003C /* Products */,
				18DDA0492801DC8B005F888B /* Frameworks */,
			);
			sourceTree = "<group>";
		};
		18A0B3F628018A4A0041003C /* Products */ = {
			isa = PBXGroup;
			children = (
				18A0B3F528018A4A0041003C /* MachOParser */,
			);
			name = Products;
			sourceTree = "<group>";
		};
		18A0B3F728018A4A0041003C /* MachOParser */ = {
			isa = PBXGroup;
			children = (
				18DDA04F28070F9F005F888B /* ObjCDefine.h */,
				18A0B3F828018A4A0041003C /* main.mm */,
			);
			path = MachOParser;
			sourceTree = "<group>";
		};
		18DDA0492801DC8B005F888B /* Frameworks */ = {
			isa = PBXGroup;
			children = (
				0D9DA3F8280C220E0069967B /* libLIEF.a */,
				18DDA04A2801DC8B005F888B /* libLIEF.a */,
			);
			name = Frameworks;
			sourceTree = "<group>";
		};
		18DDA04C2801DCAB005F888B /* LIEF */ = {
			isa = PBXGroup;
			children = (
				18DDA04E2801DD14005F888B /* lib */,
				18DDA04D2801DCED005F888B /* include */,
			);
			path = LIEF;
			sourceTree = "<group>";
		};
/* End PBXGroup section */

/* Begin PBXNativeTarget section */
		18A0B3F428018A4A0041003C /* MachOParser */ = {
			isa = PBXNativeTarget;
			buildConfigurationList = 18A0B3FC28018A4A0041003C /* Build configuration list for PBXNativeTarget "MachOParser" */;
			buildPhases = (
				18A0B3F128018A4A0041003C /* Sources */,
				18A0B3F228018A4A0041003C /* Frameworks */,
				18A0B3F328018A4A0041003C /* CopyFiles */,
			);
			buildRules = (
			);
			dependencies = (
			);
			name = MachOParser;
			productName = MachOParser;
			productReference = 18A0B3F528018A4A0041003C /* MachOParser */;
			productType = "com.apple.product-type.tool";
		};
/* End PBXNativeTarget section */

/* Begin PBXProject section */
		18A0B3ED28018A4A0041003C /* Project object */ = {
			isa = PBXProject;
			attributes = {
				BuildIndependentTargetsInParallel = 1;
				LastUpgradeCheck = 1320;
				TargetAttributes = {
					18A0B3F428018A4A0041003C = {
						CreatedOnToolsVersion = 13.2.1;
					};
				};
			};
			buildConfigurationList = 18A0B3F028018A4A0041003C /* Build configuration list for PBXProject "MachOParser" */;
			compatibilityVersion = "Xcode 13.0";
			developmentRegion = en;
			hasScannedForEncodings = 0;
			knownRegions = (
				en,
				Base,
			);
			mainGroup = 18A0B3EC28018A4A0041003C;
			productRefGroup = 18A0B3F628018A4A0041003C /* Products */;
			projectDirPath = "";
			projectRoot = "";
			targets = (
				18A0B3F428018A4A0041003C /* MachOParser */,
			);
		};
/* End PBXProject section */

/* Begin PBXSourcesBuildPhase section */
		18A0B3F128018A4A0041003C /* Sources */ = {
			isa = PBXSourcesBuildPhase;
			buildActionMask = 2147483647;
			files = (
				18A0B3F928018A4A0041003C /* main.mm in Sources */,
			);
			runOnlyForDeploymentPostprocessing = 0;
		};
/* End PBXSourcesBuildPhase section */

/* Begin XCBuildConfiguration section */
		18A0B3FA28018A4A0041003C /* Debug */ = {
			isa = XCBuildConfiguration;
			buildSettings = {
				ALWAYS_SEARCH_USER_PATHS = NO;
				CLANG_ANALYZER_NONNULL = YES;
				CLANG_ANALYZER_NUMBER_OBJECT_CONVERSION = YES_AGGRESSIVE;
				CLANG_CXX_LANGUAGE_STANDARD = "gnu++17";
				CLANG_CXX_LIBRARY = "libc++";
				CLANG_ENABLE_MODULES = YES;
				CLANG_ENABLE_OBJC_ARC = YES;
				CLANG_ENABLE_OBJC_WEAK = YES;
				CLANG_WARN_BLOCK_CAPTURE_AUTORELEASING = YES;
				CLANG_WARN_BOOL_CONVERSION = YES;
				CLANG_WARN_COMMA = YES;
				CLANG_WARN_CONSTANT_CONVERSION = YES;
				CLANG_WARN_DEPRECATED_OBJC_IMPLEMENTATIONS = YES;
				CLANG_WARN_DIRECT_OBJC_ISA_USAGE = YES_ERROR;
				CLANG_WARN_DOCUMENTATION_COMMENTS = YES;
				CLANG_WARN_EMPTY_BODY = YES;
				CLANG_WARN_ENUM_CONVERSION = YES;
				CLANG_WARN_INFINITE_RECURSION = YES;
				CLANG_WARN_INT_CONVERSION = YES;
				CLANG_WARN_NON_LITERAL_NULL_CONVERSION = YES;
				CLANG_WARN_OBJC_IMPLICIT_RETAIN_SELF = YES;
				CLANG_WARN_OBJC_LITERAL_CONVERSION = YES;
				CLANG_WARN_OBJC_ROOT_CLASS = YES_ERROR;
				CLANG_WARN_QUOTED_INCLUDE_IN_FRAMEWORK_HEADER = YES;
				CLANG_WARN_RANGE_LOOP_ANALYSIS = YES;
				CLANG_WARN_STRICT_PROTOTYPES = YES;
				CLANG_WARN_SUSPICIOUS_MOVE = YES;
				CLANG_WARN_UNGUARDED_AVAILABILITY = YES_AGGRESSIVE;
				CLANG_WARN_UNREACHABLE_CODE = YES;
				CLANG_WARN__DUPLICATE_METHOD_MATCH = YES;
				COPY_PHASE_STRIP = NO;
				DEBUG_INFORMATION_FORMAT = dwarf;
				ENABLE_STRICT_OBJC_MSGSEND = YES;
				ENABLE_TESTABILITY = YES;
				GCC_C_LANGUAGE_STANDARD = gnu11;
				GCC_DYNAMIC_NO_PIC = NO;
				GCC_NO_COMMON_BLOCKS = YES;
				GCC_OPTIMIZATION_LEVEL = 0;
				GCC_PREPROCESSOR_DEFINITIONS = (
					"DEBUG=1",
					"$(inherited)",
				);
				GCC_WARN_64_TO_32_BIT_CONVERSION = YES;
				GCC_WARN_ABOUT_RETURN_TYPE = YES_ERROR;
				GCC_WARN_UNDECLARED_SELECTOR = YES;
				GCC_WARN_UNINITIALIZED_AUTOS = YES_AGGRESSIVE;
				GCC_WARN_UNUSED_FUNCTION = YES;
				GCC_WARN_UNUSED_VARIABLE = YES;
				MACOSX_DEPLOYMENT_TARGET = 12.1;
				MTL_ENABLE_DEBUG_INFO = INCLUDE_SOURCE;
				MTL_FAST_MATH = YES;
				ONLY_ACTIVE_ARCH = YES;
				SDKROOT = macosx;
			};
			name = Debug;
		};
		18A0B3FB28018A4A0041003C /* Release */ = {
			isa = XCBuildConfiguration;
			buildSettings = {
				ALWAYS_SEARCH_USER_PATHS = NO;
				CLANG_ANALYZER_NONNULL = YES;
				CLANG_ANALYZER_NUMBER_OBJECT_CONVERSION = YES_AGGRESSIVE;
				CLANG_CXX_LANGUAGE_STANDARD = "gnu++17";
				CLANG_CXX_LIBRARY = "libc++";
				CLANG_ENABLE_MODULES = YES;
				CLANG_ENABLE_OBJC_ARC = YES;
				CLANG_ENABLE_OBJC_WEAK = YES;
				CLANG_WARN_BLOCK_CAPTURE_AUTORELEASING = YES;
				CLANG_WARN_BOOL_CONVERSION = YES;
				CLANG_WARN_COMMA = YES;
				CLANG_WARN_CONSTANT_CONVERSION = YES;
				CLANG_WARN_DEPRECATED_OBJC_IMPLEMENTATIONS = YES;
				CLANG_WARN_DIRECT_OBJC_ISA_USAGE = YES_ERROR;
				CLANG_WARN_DOCUMENTATION_COMMENTS = YES;
				CLANG_WARN_EMPTY_BODY = YES;
				CLANG_WARN_ENUM_CONVERSION = YES;
				CLANG_WARN_INFINITE_RECURSION = YES;
				CLANG_WARN_INT_CONVERSION = YES;
				CLANG_WARN_NON_LITERAL_NULL_CONVERSION = YES;
				CLANG_WARN_OBJC_IMPLICIT_RETAIN_SELF = YES;
				CLANG_WARN_OBJC_LITERAL_CONVERSION = YES;
				CLANG_WARN_OBJC_ROOT_CLASS = YES_ERROR;
				CLANG_WARN_QUOTED_INCLUDE_IN_FRAMEWORK_HEADER = YES;
				CLANG_WARN_RANGE_LOOP_ANALYSIS = YES;
				CLANG_WARN_STRICT_PROTOTYPES = YES;
				CLANG_WARN_SUSPICIOUS_MOVE = YES;
				CLANG_WARN_UNGUARDED_AVAILABILITY = YES_AGGRESSIVE;
				CLANG_WARN_UNREACHABLE_CODE = YES;
				CLANG_WARN__DUPLICATE_METHOD_MATCH = YES;
				COPY_PHASE_STRIP = NO;
				DEBUG_INFORMATION_FORMAT = "dwarf-with-dsym";
				ENABLE_NS_ASSERTIONS = NO;
				ENABLE_STRICT_OBJC_MSGSEND = YES;
				GCC_C_LANGUAGE_STANDARD = gnu11;
				GCC_NO_COMMON_BLOCKS = YES;
				GCC_WARN_64_TO_32_BIT_CONVERSION = YES;
				GCC_WARN_ABOUT_RETURN_TYPE = YES_ERROR;
				GCC_WARN_UNDECLARED_SELECTOR = YES;
				GCC_WARN_UNINITIALIZED_AUTOS = YES_AGGRESSIVE;
				GCC_WARN_UNUSED_FUNCTION = YES;
				GCC_WARN_UNUSED_VARIABLE = YES;
				MACOSX_DEPLOYMENT_TARGET = 12.1;
				MTL_ENABLE_DEBUG_INFO = NO;
				MTL_FAST_MATH = YES;
				SDKROOT = macosx;
			};
			name = Release;
		};
		18A0B3FD28018A4A0041003C /* Debug */ = {
			isa = XCBuildConfiguration;
			buildSettings = {
				CODE_SIGN_STYLE = Automatic;
				DEVELOPMENT_TEAM = R65WM39297;
				ENABLE_HARDENED_RUNTIME = YES;
				GCC_PREPROCESSOR_DEFINITIONS = "";
				HEADER_SEARCH_PATHS = "\"$(SRCROOT)/LIEF/include\"";
				LIBRARY_SEARCH_PATHS = (
					"\"$(SRCROOT)/LIEF/lib\"",
					"$(PROJECT_DIR)/LIEF/lib",
				);
				ONLY_ACTIVE_ARCH = NO;
				PRODUCT_NAME = "$(TARGET_NAME)";
			};
			name = Debug;
		};
		18A0B3FE28018A4A0041003C /* Release */ = {
			isa = XCBuildConfiguration;
			buildSettings = {
				CODE_SIGN_STYLE = Automatic;
				DEVELOPMENT_TEAM = R65WM39297;
				ENABLE_HARDENED_RUNTIME = YES;
				HEADER_SEARCH_PATHS = "\"$(SRCROOT)/LIEF/include\"";
				LIBRARY_SEARCH_PATHS = (
					"\"$(SRCROOT)/LIEF/lib\"",
					"$(PROJECT_DIR)/LIEF/lib",
				);
				ONLY_ACTIVE_ARCH = NO;
				PRODUCT_NAME = "$(TARGET_NAME)";
			};
			name = Release;
		};
/* End XCBuildConfiguration section */

/* Begin XCConfigurationList section */
		18A0B3F028018A4A0041003C /* Build configuration list for PBXProject "MachOParser" */ = {
			isa = XCConfigurationList;
			buildConfigurations = (
				18A0B3FA28018A4A0041003C /* Debug */,
				18A0B3FB28018A4A0041003C /* Release */,
			);
			defaultConfigurationIsVisible = 0;
			defaultConfigurationName = Release;
		};
		18A0B3FC28018A4A0041003C /* Build configuration list for PBXNativeTarget "MachOParser" */ = {
			isa = XCConfigurationList;
			buildConfigurations = (
				18A0B3FD28018A4A0041003C /* Debug */,
				18A0B3FE28018A4A0041003C /* Release */,
			);
			defaultConfigurationIsVisible = 0;
			defaultConfigurationName = Release;
		};
/* End XCConfigurationList section */
	};
	rootObject = 18A0B3ED28018A4A0041003C /* Project object */;
}
